
Microsoft Visual Studio Solution File, Format Version 12.00
# Visual Studio Version 16
VisualStudioVersion = 16.0.31005.135
MinimumVisualStudioVersion = 10.0.40219.1
Project("{F184B08F-C81C-45F6-A57F-5ABD9991F28F}") = "TrialGit_1", "TrialGit_1\TrialGit_1.vbproj", "{BA377E03-9695-46F7-8019-E27C68BE0B5A}"
EndProject
Global
	GlobalSection(SolutionConfigurationPlatforms) = preSolution
		Debug|Any CPU = Debug|Any CPU
		Release|Any CPU = Release|Any CPU
	EndGlobalSection
	GlobalSection(ProjectConfigurationPlatforms) = postSolution
		{BA377E03-9695-46F7-8019-E27C68BE0B5A}.Debug|Any CPU.ActiveCfg = Debug|Any CPU
		{BA377E03-9695-46F7-8019-E27C68BE0B5A}.Debug|Any CPU.Build.0 = Debug|Any CPU
		{BA377E03-9695-46F7-8019-E27C68BE0B5A}.Release|Any CPU.ActiveCfg = Release|Any CPU
		{BA377E03-9695-46F7-8019-E27C68BE0B5A}.Release|Any CPU.Build.0 = Release|Any CPU
	EndGlobalSection
	GlobalSection(SolutionProperties) = preSolution
		HideSolutionNode = FALSE
	EndGlobalSection
	GlobalSection(ExtensibilityGlobals) = postSolution
		SolutionGuid = {9A0FB693-F35B-46AF-AD01-12AC8741AB9C}
	EndGlobalSection
EndGlobal
